// !$*UTF8*$!
{
	archiveVersion = 1;
	classes = {
	};
	objectVersion = 46;
	objects = {

/* Begin PBXBuildFile section */
		744E09F216AA2F2B00C4003B /* Settings.bundle in Resources */ = {isa = PBXBuildFile; fileRef = 744E09F116AA2F2B00C4003B /* Settings.bundle */; };
		DF2ADA0816B4E2A300B2534D /* S3GameSearching.m in Sources */ = {isa = PBXBuildFile; fileRef = DF2ADA0716B4E2A300B2534D /* S3GameSearching.m */; };
		DF2ADA0B16B4EB2300B2534D /* S3GamePoint.m in Sources */ = {isa = PBXBuildFile; fileRef = DF2ADA0A16B4EB2300B2534D /* S3GamePoint.m */; };
		DF5CD97416B4B84500EB8A17 /* S3LoadingMessageViewController.m in Sources */ = {isa = PBXBuildFile; fileRef = DF5CD97216B4B84500EB8A17 /* S3LoadingMessageViewController.m */; };
		DF5CD97516B4B84500EB8A17 /* S3LoadingMessageViewController.xib in Resources */ = {isa = PBXBuildFile; fileRef = DF5CD97316B4B84500EB8A17 /* S3LoadingMessageViewController.xib */; };
		DF5CD97916B4BC3A00EB8A17 /* S3LoginRegisterViewController.m in Sources */ = {isa = PBXBuildFile; fileRef = DF5CD97716B4BC3A00EB8A17 /* S3LoginRegisterViewController.m */; };
		DF5CD97A16B4BC3A00EB8A17 /* S3LoginRegisterViewController.xib in Resources */ = {isa = PBXBuildFile; fileRef = DF5CD97816B4BC3A00EB8A17 /* S3LoginRegisterViewController.xib */; };
		DF5CD98316B4D65E00EB8A17 /* UpsideDownShadow.png in Resources */ = {isa = PBXBuildFile; fileRef = DF5CD97F16B4D65E00EB8A17 /* UpsideDownShadow.png */; };
		DF5CD98416B4D65E00EB8A17 /* UpsideDownShadow@2x.png in Resources */ = {isa = PBXBuildFile; fileRef = DF5CD98016B4D65E00EB8A17 /* UpsideDownShadow@2x.png */; };
		DF5CD98516B4D65E00EB8A17 /* VerticalShadow.png in Resources */ = {isa = PBXBuildFile; fileRef = DF5CD98116B4D65E00EB8A17 /* VerticalShadow.png */; };
		DF5CD98616B4D65E00EB8A17 /* VerticalShadow@2x.png in Resources */ = {isa = PBXBuildFile; fileRef = DF5CD98216B4D65E00EB8A17 /* VerticalShadow@2x.png */; };
		DF82A92616A9116500F0F931 /* S3GameLobbyViewController.m in Sources */ = {isa = PBXBuildFile; fileRef = DF82A92416A9116500F0F931 /* S3GameLobbyViewController.m */; };
		DF82A92716A9116500F0F931 /* S3GameLobbyViewController.xib in Resources */ = {isa = PBXBuildFile; fileRef = DF82A92516A9116500F0F931 /* S3GameLobbyViewController.xib */; };
		DFA7FE6C1699067800F9BC4C /* UIKit.framework in Frameworks */ = {isa = PBXBuildFile; fileRef = DFA7FE6B1699067800F9BC4C /* UIKit.framework */; };
		DFA7FE6E1699067800F9BC4C /* Foundation.framework in Frameworks */ = {isa = PBXBuildFile; fileRef = DFA7FE6D1699067800F9BC4C /* Foundation.framework */; };
		DFA7FE701699067800F9BC4C /* CoreGraphics.framework in Frameworks */ = {isa = PBXBuildFile; fileRef = DFA7FE6F1699067800F9BC4C /* CoreGraphics.framework */; };
		DFA7FE761699067800F9BC4C /* InfoPlist.strings in Resources */ = {isa = PBXBuildFile; fileRef = DFA7FE741699067800F9BC4C /* InfoPlist.strings */; };
		DFA7FE781699067800F9BC4C /* main.m in Sources */ = {isa = PBXBuildFile; fileRef = DFA7FE771699067800F9BC4C /* main.m */; };
		DFA7FE7C1699067800F9BC4C /* S3AppDelegate.m in Sources */ = {isa = PBXBuildFile; fileRef = DFA7FE7B1699067800F9BC4C /* S3AppDelegate.m */; };
		DFA7FE7E1699067800F9BC4C /* Default.png in Resources */ = {isa = PBXBuildFile; fileRef = DFA7FE7D1699067800F9BC4C /* Default.png */; };
		DFA7FE801699067800F9BC4C /* Default@2x.png in Resources */ = {isa = PBXBuildFile; fileRef = DFA7FE7F1699067800F9BC4C /* Default@2x.png */; };
		DFA7FE821699067800F9BC4C /* Default-568h@2x.png in Resources */ = {isa = PBXBuildFile; fileRef = DFA7FE811699067800F9BC4C /* Default-568h@2x.png */; };
		DFA7FE851699067800F9BC4C /* S3IntroViewController.m in Sources */ = {isa = PBXBuildFile; fileRef = DFA7FE841699067800F9BC4C /* S3IntroViewController.m */; };
		DFA7FE881699067800F9BC4C /* S3IntroViewController.xib in Resources */ = {isa = PBXBuildFile; fileRef = DFA7FE861699067800F9BC4C /* S3IntroViewController.xib */; };
		DFA7FE92169906B600F9BC4C /* Parse.framework in Frameworks */ = {isa = PBXBuildFile; fileRef = DFA7FE91169906B600F9BC4C /* Parse.framework */; };
		DFA7FE9416990A6300F9BC4C /* CoreData.framework in Frameworks */ = {isa = PBXBuildFile; fileRef = DFA7FE9316990A6300F9BC4C /* CoreData.framework */; };
		DFA7FE9616990AF400F9BC4C /* AudioToolbox.framework in Frameworks */ = {isa = PBXBuildFile; fileRef = DFA7FE9516990AF400F9BC4C /* AudioToolbox.framework */; };
		DFA7FEA216990B2800F9BC4C /* Accounts.framework in Frameworks */ = {isa = PBXBuildFile; fileRef = DFA7FE9716990B2800F9BC4C /* Accounts.framework */; };
		DFA7FEA316990B2800F9BC4C /* AdSupport.framework in Frameworks */ = {isa = PBXBuildFile; fileRef = DFA7FE9816990B2800F9BC4C /* AdSupport.framework */; };
		DFA7FEA416990B2800F9BC4C /* CFNetwork.framework in Frameworks */ = {isa = PBXBuildFile; fileRef = DFA7FE9916990B2800F9BC4C /* CFNetwork.framework */; };
		DFA7FEA516990B2800F9BC4C /* CoreLocation.framework in Frameworks */ = {isa = PBXBuildFile; fileRef = DFA7FE9A16990B2800F9BC4C /* CoreLocation.framework */; };
		DFA7FEA616990B2800F9BC4C /* libsqlite3.dylib in Frameworks */ = {isa = PBXBuildFile; fileRef = DFA7FE9B16990B2800F9BC4C /* libsqlite3.dylib */; };
		DFA7FEA716990B2800F9BC4C /* MobileCoreServices.framework in Frameworks */ = {isa = PBXBuildFile; fileRef = DFA7FE9C16990B2800F9BC4C /* MobileCoreServices.framework */; };
		DFA7FEA816990B2800F9BC4C /* QuartzCore.framework in Frameworks */ = {isa = PBXBuildFile; fileRef = DFA7FE9D16990B2800F9BC4C /* QuartzCore.framework */; };
		DFA7FEA916990B2800F9BC4C /* Security.framework in Frameworks */ = {isa = PBXBuildFile; fileRef = DFA7FE9E16990B2800F9BC4C /* Security.framework */; };
		DFA7FEAA16990B2800F9BC4C /* Social.framework in Frameworks */ = {isa = PBXBuildFile; fileRef = DFA7FE9F16990B2800F9BC4C /* Social.framework */; };
		DFA7FEAB16990B2800F9BC4C /* StoreKit.framework in Frameworks */ = {isa = PBXBuildFile; fileRef = DFA7FEA016990B2800F9BC4C /* StoreKit.framework */; };
		DFA7FEAC16990B2800F9BC4C /* SystemConfiguration.framework in Frameworks */ = {isa = PBXBuildFile; fileRef = DFA7FEA116990B2800F9BC4C /* SystemConfiguration.framework */; };
		DFACD206169C029C0088F6F9 /* S3GameCreatingViewController.m in Sources */ = {isa = PBXBuildFile; fileRef = DFACD204169C029B0088F6F9 /* S3GameCreatingViewController.m */; };
		DFACD207169C029C0088F6F9 /* S3GameCreatingViewController.xib in Resources */ = {isa = PBXBuildFile; fileRef = DFACD205169C029B0088F6F9 /* S3GameCreatingViewController.xib */; };
		DFB47421169A91040019B53C /* GameKit.framework in Frameworks */ = {isa = PBXBuildFile; fileRef = DFB47420169A91040019B53C /* GameKit.framework */; };
		DFB47428169AAA090019B53C /* MapKit.framework in Frameworks */ = {isa = PBXBuildFile; fileRef = DFB47427169AAA090019B53C /* MapKit.framework */; };
		DFE0987C169E9EF70014750C /* S3MyGamesViewController.m in Sources */ = {isa = PBXBuildFile; fileRef = DFE0987A169E9EF70014750C /* S3MyGamesViewController.m */; };
		DFE0987D169E9EF70014750C /* S3MyGamesViewController.xib in Resources */ = {isa = PBXBuildFile; fileRef = DFE0987B169E9EF70014750C /* S3MyGamesViewController.xib */; };
/* End PBXBuildFile section */

/* Begin PBXFileReference section */
		744E09F116AA2F2B00C4003B /* Settings.bundle */ = {isa = PBXFileReference; lastKnownFileType = "wrapper.plug-in"; path = Settings.bundle; sourceTree = "<group>"; };
		DF2ADA0616B4E2A300B2534D /* S3GameSearching.h */ = {isa = PBXFileReference; fileEncoding = 4; lastKnownFileType = sourcecode.c.h; path = S3GameSearching.h; sourceTree = "<group>"; };
		DF2ADA0716B4E2A300B2534D /* S3GameSearching.m */ = {isa = PBXFileReference; fileEncoding = 4; lastKnownFileType = sourcecode.c.objc; path = S3GameSearching.m; sourceTree = "<group>"; };
		DF2ADA0916B4EB2300B2534D /* S3GamePoint.h */ = {isa = PBXFileReference; fileEncoding = 4; lastKnownFileType = sourcecode.c.h; path = S3GamePoint.h; sourceTree = "<group>"; };
		DF2ADA0A16B4EB2300B2534D /* S3GamePoint.m */ = {isa = PBXFileReference; fileEncoding = 4; lastKnownFileType = sourcecode.c.objc; path = S3GamePoint.m; sourceTree = "<group>"; };
		DF5CD97116B4B84500EB8A17 /* S3LoadingMessageViewController.h */ = {isa = PBXFileReference; fileEncoding = 4; lastKnownFileType = sourcecode.c.h; path = S3LoadingMessageViewController.h; sourceTree = "<group>"; };
		DF5CD97216B4B84500EB8A17 /* S3LoadingMessageViewController.m */ = {isa = PBXFileReference; fileEncoding = 4; lastKnownFileType = sourcecode.c.objc; path = S3LoadingMessageViewController.m; sourceTree = "<group>"; };
		DF5CD97316B4B84500EB8A17 /* S3LoadingMessageViewController.xib */ = {isa = PBXFileReference; fileEncoding = 4; lastKnownFileType = file.xib; path = S3LoadingMessageViewController.xib; sourceTree = "<group>"; };
		DF5CD97616B4BC3A00EB8A17 /* S3LoginRegisterViewController.h */ = {isa = PBXFileReference; fileEncoding = 4; lastKnownFileType = sourcecode.c.h; path = S3LoginRegisterViewController.h; sourceTree = "<group>"; };
		DF5CD97716B4BC3A00EB8A17 /* S3LoginRegisterViewController.m */ = {isa = PBXFileReference; fileEncoding = 4; lastKnownFileType = sourcecode.c.objc; path = S3LoginRegisterViewController.m; sourceTree = "<group>"; };
		DF5CD97816B4BC3A00EB8A17 /* S3LoginRegisterViewController.xib */ = {isa = PBXFileReference; fileEncoding = 4; lastKnownFileType = file.xib; path = S3LoginRegisterViewController.xib; sourceTree = "<group>"; };
		DF5CD97F16B4D65E00EB8A17 /* UpsideDownShadow.png */ = {isa = PBXFileReference; lastKnownFileType = image.png; path = UpsideDownShadow.png; sourceTree = "<group>"; };
		DF5CD98016B4D65E00EB8A17 /* UpsideDownShadow@2x.png */ = {isa = PBXFileReference; lastKnownFileType = image.png; path = "UpsideDownShadow@2x.png"; sourceTree = "<group>"; };
		DF5CD98116B4D65E00EB8A17 /* VerticalShadow.png */ = {isa = PBXFileReference; lastKnownFileType = image.png; path = VerticalShadow.png; sourceTree = "<group>"; };
		DF5CD98216B4D65E00EB8A17 /* VerticalShadow@2x.png */ = {isa = PBXFileReference; lastKnownFileType = image.png; path = "VerticalShadow@2x.png"; sourceTree = "<group>"; };
		DF82A92316A9116500F0F931 /* S3GameLobbyViewController.h */ = {isa = PBXFileReference; fileEncoding = 4; lastKnownFileType = sourcecode.c.h; path = S3GameLobbyViewController.h; sourceTree = "<group>"; };
		DF82A92416A9116500F0F931 /* S3GameLobbyViewController.m */ = {isa = PBXFileReference; fileEncoding = 4; lastKnownFileType = sourcecode.c.objc; path = S3GameLobbyViewController.m; sourceTree = "<group>"; };
		DF82A92516A9116500F0F931 /* S3GameLobbyViewController.xib */ = {isa = PBXFileReference; fileEncoding = 4; lastKnownFileType = file.xib; path = S3GameLobbyViewController.xib; sourceTree = "<group>"; };
		DFA7FE681699067800F9BC4C /* AcroCities.app */ = {isa = PBXFileReference; explicitFileType = wrapper.application; includeInIndex = 0; path = AcroCities.app; sourceTree = BUILT_PRODUCTS_DIR; };
		DFA7FE6B1699067800F9BC4C /* UIKit.framework */ = {isa = PBXFileReference; lastKnownFileType = wrapper.framework; name = UIKit.framework; path = System/Library/Frameworks/UIKit.framework; sourceTree = SDKROOT; };
		DFA7FE6D1699067800F9BC4C /* Foundation.framework */ = {isa = PBXFileReference; lastKnownFileType = wrapper.framework; name = Foundation.framework; path = System/Library/Frameworks/Foundation.framework; sourceTree = SDKROOT; };
		DFA7FE6F1699067800F9BC4C /* CoreGraphics.framework */ = {isa = PBXFileReference; lastKnownFileType = wrapper.framework; name = CoreGraphics.framework; path = System/Library/Frameworks/CoreGraphics.framework; sourceTree = SDKROOT; };
		DFA7FE731699067800F9BC4C /* AcroCities-Info.plist */ = {isa = PBXFileReference; lastKnownFileType = text.plist.xml; path = "AcroCities-Info.plist"; sourceTree = "<group>"; };
		DFA7FE751699067800F9BC4C /* en */ = {isa = PBXFileReference; lastKnownFileType = text.plist.strings; name = en; path = en.lproj/InfoPlist.strings; sourceTree = "<group>"; };
		DFA7FE771699067800F9BC4C /* main.m */ = {isa = PBXFileReference; lastKnownFileType = sourcecode.c.objc; path = main.m; sourceTree = "<group>"; };
		DFA7FE791699067800F9BC4C /* AcroCities-Prefix.pch */ = {isa = PBXFileReference; lastKnownFileType = sourcecode.c.h; path = "AcroCities-Prefix.pch"; sourceTree = "<group>"; };
		DFA7FE7A1699067800F9BC4C /* S3AppDelegate.h */ = {isa = PBXFileReference; lastKnownFileType = sourcecode.c.h; path = S3AppDelegate.h; sourceTree = "<group>"; };
		DFA7FE7B1699067800F9BC4C /* S3AppDelegate.m */ = {isa = PBXFileReference; lastKnownFileType = sourcecode.c.objc; path = S3AppDelegate.m; sourceTree = "<group>"; };
		DFA7FE7D1699067800F9BC4C /* Default.png */ = {isa = PBXFileReference; lastKnownFileType = image.png; path = Default.png; sourceTree = "<group>"; };
		DFA7FE7F1699067800F9BC4C /* Default@2x.png */ = {isa = PBXFileReference; lastKnownFileType = image.png; path = "Default@2x.png"; sourceTree = "<group>"; };
		DFA7FE811699067800F9BC4C /* Default-568h@2x.png */ = {isa = PBXFileReference; lastKnownFileType = image.png; path = "Default-568h@2x.png"; sourceTree = "<group>"; };
		DFA7FE831699067800F9BC4C /* S3IntroViewController.h */ = {isa = PBXFileReference; lastKnownFileType = sourcecode.c.h; path = S3IntroViewController.h; sourceTree = "<group>"; };
		DFA7FE841699067800F9BC4C /* S3IntroViewController.m */ = {isa = PBXFileReference; lastKnownFileType = sourcecode.c.objc; path = S3IntroViewController.m; sourceTree = "<group>"; };
		DFA7FE871699067800F9BC4C /* en */ = {isa = PBXFileReference; lastKnownFileType = file.xib; name = en; path = en.lproj/S3IntroViewController.xib; sourceTree = "<group>"; };
		DFA7FE91169906B600F9BC4C /* Parse.framework */ = {isa = PBXFileReference; lastKnownFileType = wrapper.framework; path = Parse.framework; sourceTree = "<group>"; };
		DFA7FE9316990A6300F9BC4C /* CoreData.framework */ = {isa = PBXFileReference; lastKnownFileType = wrapper.framework; name = CoreData.framework; path = System/Library/Frameworks/CoreData.framework; sourceTree = SDKROOT; };
		DFA7FE9516990AF400F9BC4C /* AudioToolbox.framework */ = {isa = PBXFileReference; lastKnownFileType = wrapper.framework; name = AudioToolbox.framework; path = System/Library/Frameworks/AudioToolbox.framework; sourceTree = SDKROOT; };
		DFA7FE9716990B2800F9BC4C /* Accounts.framework */ = {isa = PBXFileReference; lastKnownFileType = wrapper.framework; name = Accounts.framework; path = System/Library/Frameworks/Accounts.framework; sourceTree = SDKROOT; };
		DFA7FE9816990B2800F9BC4C /* AdSupport.framework */ = {isa = PBXFileReference; lastKnownFileType = wrapper.framework; name = AdSupport.framework; path = System/Library/Frameworks/AdSupport.framework; sourceTree = SDKROOT; };
		DFA7FE9916990B2800F9BC4C /* CFNetwork.framework */ = {isa = PBXFileReference; lastKnownFileType = wrapper.framework; name = CFNetwork.framework; path = System/Library/Frameworks/CFNetwork.framework; sourceTree = SDKROOT; };
		DFA7FE9A16990B2800F9BC4C /* CoreLocation.framework */ = {isa = PBXFileReference; lastKnownFileType = wrapper.framework; name = CoreLocation.framework; path = System/Library/Frameworks/CoreLocation.framework; sourceTree = SDKROOT; };
		DFA7FE9B16990B2800F9BC4C /* libsqlite3.dylib */ = {isa = PBXFileReference; lastKnownFileType = "compiled.mach-o.dylib"; name = libsqlite3.dylib; path = usr/lib/libsqlite3.dylib; sourceTree = SDKROOT; };
		DFA7FE9C16990B2800F9BC4C /* MobileCoreServices.framework */ = {isa = PBXFileReference; lastKnownFileType = wrapper.framework; name = MobileCoreServices.framework; path = System/Library/Frameworks/MobileCoreServices.framework; sourceTree = SDKROOT; };
		DFA7FE9D16990B2800F9BC4C /* QuartzCore.framework */ = {isa = PBXFileReference; lastKnownFileType = wrapper.framework; name = QuartzCore.framework; path = System/Library/Frameworks/QuartzCore.framework; sourceTree = SDKROOT; };
		DFA7FE9E16990B2800F9BC4C /* Security.framework */ = {isa = PBXFileReference; lastKnownFileType = wrapper.framework; name = Security.framework; path = System/Library/Frameworks/Security.framework; sourceTree = SDKROOT; };
		DFA7FE9F16990B2800F9BC4C /* Social.framework */ = {isa = PBXFileReference; lastKnownFileType = wrapper.framework; name = Social.framework; path = System/Library/Frameworks/Social.framework; sourceTree = SDKROOT; };
		DFA7FEA016990B2800F9BC4C /* StoreKit.framework */ = {isa = PBXFileReference; lastKnownFileType = wrapper.framework; name = StoreKit.framework; path = System/Library/Frameworks/StoreKit.framework; sourceTree = SDKROOT; };
		DFA7FEA116990B2800F9BC4C /* SystemConfiguration.framework */ = {isa = PBXFileReference; lastKnownFileType = wrapper.framework; name = SystemConfiguration.framework; path = System/Library/Frameworks/SystemConfiguration.framework; sourceTree = SDKROOT; };
		DFACD203169C029B0088F6F9 /* S3GameCreatingViewController.h */ = {isa = PBXFileReference; fileEncoding = 4; lastKnownFileType = sourcecode.c.h; path = S3GameCreatingViewController.h; sourceTree = "<group>"; };
		DFACD204169C029B0088F6F9 /* S3GameCreatingViewController.m */ = {isa = PBXFileReference; fileEncoding = 4; lastKnownFileType = sourcecode.c.objc; path = S3GameCreatingViewController.m; sourceTree = "<group>"; };
		DFACD205169C029B0088F6F9 /* S3GameCreatingViewController.xib */ = {isa = PBXFileReference; fileEncoding = 4; lastKnownFileType = file.xib; path = S3GameCreatingViewController.xib; sourceTree = "<group>"; };
		DFB4741F169919970019B53C /* AcroCities.entitlements */ = {isa = PBXFileReference; lastKnownFileType = text.xml; path = AcroCities.entitlements; sourceTree = "<group>"; };
		DFB47420169A91040019B53C /* GameKit.framework */ = {isa = PBXFileReference; lastKnownFileType = wrapper.framework; name = GameKit.framework; path = System/Library/Frameworks/GameKit.framework; sourceTree = SDKROOT; };
		DFB47427169AAA090019B53C /* MapKit.framework */ = {isa = PBXFileReference; lastKnownFileType = wrapper.framework; name = MapKit.framework; path = System/Library/Frameworks/MapKit.framework; sourceTree = SDKROOT; };
		DFE09879169E9EF70014750C /* S3MyGamesViewController.h */ = {isa = PBXFileReference; fileEncoding = 4; lastKnownFileType = sourcecode.c.h; path = S3MyGamesViewController.h; sourceTree = "<group>"; };
		DFE0987A169E9EF70014750C /* S3MyGamesViewController.m */ = {isa = PBXFileReference; fileEncoding = 4; lastKnownFileType = sourcecode.c.objc; path = S3MyGamesViewController.m; sourceTree = "<group>"; };
		DFE0987B169E9EF70014750C /* S3MyGamesViewController.xib */ = {isa = PBXFileReference; fileEncoding = 4; lastKnownFileType = file.xib; path = S3MyGamesViewController.xib; sourceTree = "<group>"; };
/* End PBXFileReference section */

/* Begin PBXFrameworksBuildPhase section */
		DFA7FE651699067800F9BC4C /* Frameworks */ = {
			isa = PBXFrameworksBuildPhase;
			buildActionMask = 2147483647;
			files = (
				DFB47428169AAA090019B53C /* MapKit.framework in Frameworks */,
				DFB47421169A91040019B53C /* GameKit.framework in Frameworks */,
				DFA7FEA216990B2800F9BC4C /* Accounts.framework in Frameworks */,
				DFA7FEA316990B2800F9BC4C /* AdSupport.framework in Frameworks */,
				DFA7FEA416990B2800F9BC4C /* CFNetwork.framework in Frameworks */,
				DFA7FEA516990B2800F9BC4C /* CoreLocation.framework in Frameworks */,
				DFA7FEA616990B2800F9BC4C /* libsqlite3.dylib in Frameworks */,
				DFA7FEA716990B2800F9BC4C /* MobileCoreServices.framework in Frameworks */,
				DFA7FEA816990B2800F9BC4C /* QuartzCore.framework in Frameworks */,
				DFA7FEA916990B2800F9BC4C /* Security.framework in Frameworks */,
				DFA7FEAA16990B2800F9BC4C /* Social.framework in Frameworks */,
				DFA7FEAB16990B2800F9BC4C /* StoreKit.framework in Frameworks */,
				DFA7FEAC16990B2800F9BC4C /* SystemConfiguration.framework in Frameworks */,
				DFA7FE701699067800F9BC4C /* CoreGraphics.framework in Frameworks */,
				DFA7FE9616990AF400F9BC4C /* AudioToolbox.framework in Frameworks */,
				DFA7FE9416990A6300F9BC4C /* CoreData.framework in Frameworks */,
				DFA7FE6C1699067800F9BC4C /* UIKit.framework in Frameworks */,
				DFA7FE6E1699067800F9BC4C /* Foundation.framework in Frameworks */,
				DFA7FE92169906B600F9BC4C /* Parse.framework in Frameworks */,
			);
			runOnlyForDeploymentPostprocessing = 0;
		};
/* End PBXFrameworksBuildPhase section */

/* Begin PBXGroup section */
		DF5CD97B16B4BD7000EB8A17 /* Intro and Login */ = {
			isa = PBXGroup;
			children = (
				DFA7FE831699067800F9BC4C /* S3IntroViewController.h */,
				DFA7FE841699067800F9BC4C /* S3IntroViewController.m */,
				DFA7FE861699067800F9BC4C /* S3IntroViewController.xib */,
				DF5CD97616B4BC3A00EB8A17 /* S3LoginRegisterViewController.h */,
				DF5CD97716B4BC3A00EB8A17 /* S3LoginRegisterViewController.m */,
				DF5CD97816B4BC3A00EB8A17 /* S3LoginRegisterViewController.xib */,
			);
			name = "Intro and Login";
			sourceTree = "<group>";
		};
		DF5CD97C16B4BD8E00EB8A17 /* Creating and Finding Games */ = {
			isa = PBXGroup;
			children = (
				DFACD203169C029B0088F6F9 /* S3GameCreatingViewController.h */,
				DFACD204169C029B0088F6F9 /* S3GameCreatingViewController.m */,
				DFACD205169C029B0088F6F9 /* S3GameCreatingViewController.xib */,
				DFE09879169E9EF70014750C /* S3MyGamesViewController.h */,
				DFE0987A169E9EF70014750C /* S3MyGamesViewController.m */,
				DFE0987B169E9EF70014750C /* S3MyGamesViewController.xib */,
				DF2ADA0616B4E2A300B2534D /* S3GameSearching.h */,
				DF2ADA0716B4E2A300B2534D /* S3GameSearching.m */,
				DF2ADA0916B4EB2300B2534D /* S3GamePoint.h */,
				DF2ADA0A16B4EB2300B2534D /* S3GamePoint.m */,
			);
			name = "Creating and Finding Games";
			sourceTree = "<group>";
		};
		DF5CD97D16B4BDA300EB8A17 /* Gameplay */ = {
			isa = PBXGroup;
			children = (
				DF82A92316A9116500F0F931 /* S3GameLobbyViewController.h */,
				DF82A92416A9116500F0F931 /* S3GameLobbyViewController.m */,
				DF82A92516A9116500F0F931 /* S3GameLobbyViewController.xib */,
			);
			name = Gameplay;
			sourceTree = "<group>";
		};
		DF5CD97E16B4BDB300EB8A17 /* Utilities and Misc */ = {
			isa = PBXGroup;
			children = (
				DFA7FE7A1699067800F9BC4C /* S3AppDelegate.h */,
				DFA7FE7B1699067800F9BC4C /* S3AppDelegate.m */,
				DF5CD97116B4B84500EB8A17 /* S3LoadingMessageViewController.h */,
				DF5CD97216B4B84500EB8A17 /* S3LoadingMessageViewController.m */,
				DF5CD97316B4B84500EB8A17 /* S3LoadingMessageViewController.xib */,
			);
			name = "Utilities and Misc";
			sourceTree = "<group>";
		};
		DFA7FE5F1699067800F9BC4C = {
			isa = PBXGroup;
			children = (
				DFA7FE711699067800F9BC4C /* AcroCities */,
				DFA7FE6A1699067800F9BC4C /* Frameworks */,
				DFA7FE691699067800F9BC4C /* Products */,
			);
			sourceTree = "<group>";
		};
		DFA7FE691699067800F9BC4C /* Products */ = {
			isa = PBXGroup;
			children = (
				DFA7FE681699067800F9BC4C /* AcroCities.app */,
			);
			name = Products;
			sourceTree = "<group>";
		};
		DFA7FE6A1699067800F9BC4C /* Frameworks */ = {
			isa = PBXGroup;
			children = (
				DFA7FE9716990B2800F9BC4C /* Accounts.framework */,
				DFA7FE9816990B2800F9BC4C /* AdSupport.framework */,
				DFA7FE9916990B2800F9BC4C /* CFNetwork.framework */,
				DFA7FE9A16990B2800F9BC4C /* CoreLocation.framework */,
				DFA7FE9B16990B2800F9BC4C /* libsqlite3.dylib */,
				DFA7FE9C16990B2800F9BC4C /* MobileCoreServices.framework */,
				DFA7FE9D16990B2800F9BC4C /* QuartzCore.framework */,
				DFA7FE9E16990B2800F9BC4C /* Security.framework */,
				DFA7FE9F16990B2800F9BC4C /* Social.framework */,
				DFA7FEA016990B2800F9BC4C /* StoreKit.framework */,
				DFA7FEA116990B2800F9BC4C /* SystemConfiguration.framework */,
				DFB47427169AAA090019B53C /* MapKit.framework */,
				DFA7FE9516990AF400F9BC4C /* AudioToolbox.framework */,
				DFA7FE9316990A6300F9BC4C /* CoreData.framework */,
				DFA7FE91169906B600F9BC4C /* Parse.framework */,
				DFA7FE6B1699067800F9BC4C /* UIKit.framework */,
				DFA7FE6D1699067800F9BC4C /* Foundation.framework */,
				DFA7FE6F1699067800F9BC4C /* CoreGraphics.framework */,
				DFB47420169A91040019B53C /* GameKit.framework */,
			);
			name = Frameworks;
			sourceTree = "<group>";
		};
		DFA7FE711699067800F9BC4C /* AcroCities */ = {
			isa = PBXGroup;
			children = (
				DF5CD97B16B4BD7000EB8A17 /* Intro and Login */,
				DF5CD97C16B4BD8E00EB8A17 /* Creating and Finding Games */,
				DF5CD97D16B4BDA300EB8A17 /* Gameplay */,
				DF5CD97E16B4BDB300EB8A17 /* Utilities and Misc */,
				DFA7FE721699067800F9BC4C /* Supporting Files */,
			);
			path = AcroCities;
			sourceTree = "<group>";
		};
		DFA7FE721699067800F9BC4C /* Supporting Files */ = {
			isa = PBXGroup;
			children = (
				DF5CD97F16B4D65E00EB8A17 /* UpsideDownShadow.png */,
				DF5CD98016B4D65E00EB8A17 /* UpsideDownShadow@2x.png */,
				DF5CD98116B4D65E00EB8A17 /* VerticalShadow.png */,
				DF5CD98216B4D65E00EB8A17 /* VerticalShadow@2x.png */,
				DFB4741F169919970019B53C /* AcroCities.entitlements */,
				DFA7FE731699067800F9BC4C /* AcroCities-Info.plist */,
				DFA7FE741699067800F9BC4C /* InfoPlist.strings */,
				DFA7FE771699067800F9BC4C /* main.m */,
				DFA7FE791699067800F9BC4C /* AcroCities-Prefix.pch */,
				DFA7FE7D1699067800F9BC4C /* Default.png */,
				DFA7FE7F1699067800F9BC4C /* Default@2x.png */,
				DFA7FE811699067800F9BC4C /* Default-568h@2x.png */,
				744E09F116AA2F2B00C4003B /* Settings.bundle */,
			);
			name = "Supporting Files";
			sourceTree = "<group>";
		};
/* End PBXGroup section */

/* Begin PBXNativeTarget section */
		DFA7FE671699067800F9BC4C /* AcroCities */ = {
			isa = PBXNativeTarget;
			buildConfigurationList = DFA7FE8E1699067800F9BC4C /* Build configuration list for PBXNativeTarget "AcroCities" */;
			buildPhases = (
				DFA7FE641699067800F9BC4C /* Sources */,
				DFA7FE651699067800F9BC4C /* Frameworks */,
				DFA7FE661699067800F9BC4C /* Resources */,
			);
			buildRules = (
			);
			dependencies = (
			);
			name = AcroCities;
			productName = AcroCities;
			productReference = DFA7FE681699067800F9BC4C /* AcroCities.app */;
			productType = "com.apple.product-type.application";
		};
/* End PBXNativeTarget section */

/* Begin PBXProject section */
		DFA7FE601699067800F9BC4C /* Project object */ = {
			isa = PBXProject;
			attributes = {
				CLASSPREFIX = S3;
				LastUpgradeCheck = 0460;
				ORGANIZATIONNAME = "Sun, Sea and Sky Factory";
			};
			buildConfigurationList = DFA7FE631699067800F9BC4C /* Build configuration list for PBXProject "AcroCities" */;
			compatibilityVersion = "Xcode 3.2";
			developmentRegion = English;
			hasScannedForEncodings = 0;
			knownRegions = (
				en,
			);
			mainGroup = DFA7FE5F1699067800F9BC4C;
			productRefGroup = DFA7FE691699067800F9BC4C /* Products */;
			projectDirPath = "";
			projectRoot = "";
			targets = (
				DFA7FE671699067800F9BC4C /* AcroCities */,
			);
		};
/* End PBXProject section */

/* Begin PBXResourcesBuildPhase section */
		DFA7FE661699067800F9BC4C /* Resources */ = {
			isa = PBXResourcesBuildPhase;
			buildActionMask = 2147483647;
			files = (
				DFA7FE761699067800F9BC4C /* InfoPlist.strings in Resources */,
				DFA7FE7E1699067800F9BC4C /* Default.png in Resources */,
				DFA7FE801699067800F9BC4C /* Default@2x.png in Resources */,
				DFA7FE821699067800F9BC4C /* Default-568h@2x.png in Resources */,
				DFA7FE881699067800F9BC4C /* S3IntroViewController.xib in Resources */,
				DFACD207169C029C0088F6F9 /* S3GameCreatingViewController.xib in Resources */,
				DFE0987D169E9EF70014750C /* S3MyGamesViewController.xib in Resources */,
				DF82A92716A9116500F0F931 /* S3GameLobbyViewController.xib in Resources */,
				744E09F216AA2F2B00C4003B /* Settings.bundle in Resources */,
				DF5CD97516B4B84500EB8A17 /* S3LoadingMessageViewController.xib in Resources */,
				DF5CD97A16B4BC3A00EB8A17 /* S3LoginRegisterViewController.xib in Resources */,
				DF5CD98316B4D65E00EB8A17 /* UpsideDownShadow.png in Resources */,
				DF5CD98416B4D65E00EB8A17 /* UpsideDownShadow@2x.png in Resources */,
				DF5CD98516B4D65E00EB8A17 /* VerticalShadow.png in Resources */,
				DF5CD98616B4D65E00EB8A17 /* VerticalShadow@2x.png in Resources */,
			);
			runOnlyForDeploymentPostprocessing = 0;
		};
/* End PBXResourcesBuildPhase section */

/* Begin PBXSourcesBuildPhase section */
		DFA7FE641699067800F9BC4C /* Sources */ = {
			isa = PBXSourcesBuildPhase;
			buildActionMask = 2147483647;
			files = (
				DFA7FE781699067800F9BC4C /* main.m in Sources */,
				DFA7FE7C1699067800F9BC4C /* S3AppDelegate.m in Sources */,
				DFA7FE851699067800F9BC4C /* S3IntroViewController.m in Sources */,
				DFACD206169C029C0088F6F9 /* S3GameCreatingViewController.m in Sources */,
				DFE0987C169E9EF70014750C /* S3MyGamesViewController.m in Sources */,
				DF82A92616A9116500F0F931 /* S3GameLobbyViewController.m in Sources */,
				DF5CD97416B4B84500EB8A17 /* S3LoadingMessageViewController.m in Sources */,
				DF5CD97916B4BC3A00EB8A17 /* S3LoginRegisterViewController.m in Sources */,
				DF2ADA0816B4E2A300B2534D /* S3GameSearching.m in Sources */,
				DF2ADA0B16B4EB2300B2534D /* S3GamePoint.m in Sources */,
			);
			runOnlyForDeploymentPostprocessing = 0;
		};
/* End PBXSourcesBuildPhase section */

/* Begin PBXVariantGroup section */
		DFA7FE741699067800F9BC4C /* InfoPlist.strings */ = {
			isa = PBXVariantGroup;
			children = (
				DFA7FE751699067800F9BC4C /* en */,
			);
			name = InfoPlist.strings;
			sourceTree = "<group>";
		};
		DFA7FE861699067800F9BC4C /* S3IntroViewController.xib */ = {
			isa = PBXVariantGroup;
			children = (
				DFA7FE871699067800F9BC4C /* en */,
			);
			name = S3IntroViewController.xib;
			sourceTree = "<group>";
		};
/* End PBXVariantGroup section */

/* Begin XCBuildConfiguration section */
		DFA7FE8C1699067800F9BC4C /* Debug */ = {
			isa = XCBuildConfiguration;
			buildSettings = {
				ALWAYS_SEARCH_USER_PATHS = NO;
				CLANG_CXX_LANGUAGE_STANDARD = "gnu++0x";
				CLANG_CXX_LIBRARY = "libc++";
				CLANG_ENABLE_OBJC_ARC = YES;
				CLANG_WARN_CONSTANT_CONVERSION = YES;
				CLANG_WARN_EMPTY_BODY = YES;
				CLANG_WARN_ENUM_CONVERSION = YES;
				CLANG_WARN_INT_CONVERSION = YES;
				CLANG_WARN__DUPLICATE_METHOD_MATCH = YES;
				"CODE_SIGN_IDENTITY[sdk=iphoneos*]" = "iPhone Developer";
				COPY_PHASE_STRIP = NO;
				GCC_C_LANGUAGE_STANDARD = gnu99;
				GCC_DYNAMIC_NO_PIC = NO;
				GCC_OPTIMIZATION_LEVEL = 0;
				GCC_PREPROCESSOR_DEFINITIONS = (
					"DEBUG=1",
					"$(inherited)",
				);
				GCC_SYMBOLS_PRIVATE_EXTERN = NO;
				GCC_WARN_ABOUT_RETURN_TYPE = YES;
				GCC_WARN_UNINITIALIZED_AUTOS = YES;
				GCC_WARN_UNUSED_VARIABLE = YES;
				IPHONEOS_DEPLOYMENT_TARGET = 6.1;
				ONLY_ACTIVE_ARCH = YES;
				SDKROOT = iphoneos;
				TARGETED_DEVICE_FAMILY = "1,2";
			};
			name = Debug;
		};
		DFA7FE8D1699067800F9BC4C /* Release */ = {
			isa = XCBuildConfiguration;
			buildSettings = {
				ALWAYS_SEARCH_USER_PATHS = NO;
				CLANG_CXX_LANGUAGE_STANDARD = "gnu++0x";
				CLANG_CXX_LIBRARY = "libc++";
				CLANG_ENABLE_OBJC_ARC = YES;
				CLANG_WARN_CONSTANT_CONVERSION = YES;
				CLANG_WARN_EMPTY_BODY = YES;
				CLANG_WARN_ENUM_CONVERSION = YES;
				CLANG_WARN_INT_CONVERSION = YES;
				CLANG_WARN__DUPLICATE_METHOD_MATCH = YES;
				"CODE_SIGN_IDENTITY[sdk=iphoneos*]" = "iPhone Developer";
				COPY_PHASE_STRIP = YES;
				GCC_C_LANGUAGE_STANDARD = gnu99;
				GCC_WARN_ABOUT_RETURN_TYPE = YES;
				GCC_WARN_UNINITIALIZED_AUTOS = YES;
				GCC_WARN_UNUSED_VARIABLE = YES;
				IPHONEOS_DEPLOYMENT_TARGET = 6.1;
				OTHER_CFLAGS = "-DNS_BLOCK_ASSERTIONS=1";
				SDKROOT = iphoneos;
				TARGETED_DEVICE_FAMILY = "1,2";
				VALIDATE_PRODUCT = YES;
			};
			name = Release;
		};
		DFA7FE8F1699067800F9BC4C /* Debug */ = {
			isa = XCBuildConfiguration;
			buildSettings = {
				CODE_SIGN_ENTITLEMENTS = AcroCities/AcroCities.entitlements;
				CODE_SIGN_IDENTITY = "iPhone Developer: Sora Herring (Z436NA25N2)";
				"CODE_SIGN_IDENTITY[sdk=iphoneos*]" = "iPhone Developer: Sora Herring (Z436NA25N2)";
				FRAMEWORK_SEARCH_PATHS = (
					"$(inherited)",
					"\"$(SRCROOT)\"",
				);
				GCC_PRECOMPILE_PREFIX_HEADER = YES;
				GCC_PREFIX_HEADER = "AcroCities/AcroCities-Prefix.pch";
				INFOPLIST_FILE = "AcroCities/AcroCities-Info.plist";
				IPHONEOS_DEPLOYMENT_TARGET = 6.0;
				PRODUCT_NAME = "$(TARGET_NAME)";
				PROVISIONING_PROFILE = "AA7EA757-F176-4336-8B71-1190C1412D4D";
				"PROVISIONING_PROFILE[sdk=iphoneos*]" = "AA7EA757-F176-4336-8B71-1190C1412D4D";
				WRAPPER_EXTENSION = app;
			};
			name = Debug;
		};
		DFA7FE901699067800F9BC4C /* Release */ = {
			isa = XCBuildConfiguration;
			buildSettings = {
				CODE_SIGN_ENTITLEMENTS = AcroCities/AcroCities.entitlements;
				CODE_SIGN_IDENTITY = "iPhone Developer: Sora Herring (Z436NA25N2)";
				"CODE_SIGN_IDENTITY[sdk=iphoneos*]" = "iPhone Developer: Sora Herring (Z436NA25N2)";
				FRAMEWORK_SEARCH_PATHS = (
					"$(inherited)",
					"\"$(SRCROOT)\"",
				);
				GCC_PRECOMPILE_PREFIX_HEADER = YES;
				GCC_PREFIX_HEADER = "AcroCities/AcroCities-Prefix.pch";
				INFOPLIST_FILE = "AcroCities/AcroCities-Info.plist";
				IPHONEOS_DEPLOYMENT_TARGET = 6.0;
				PRODUCT_NAME = "$(TARGET_NAME)";
				PROVISIONING_PROFILE = "AA7EA757-F176-4336-8B71-1190C1412D4D";
				"PROVISIONING_PROFILE[sdk=iphoneos*]" = "AA7EA757-F176-4336-8B71-1190C1412D4D";
				WRAPPER_EXTENSION = app;
			};
			name = Release;
		};
/* End XCBuildConfiguration section */

/* Begin XCConfigurationList section */
		DFA7FE631699067800F9BC4C /* Build configuration list for PBXProject "AcroCities" */ = {
			isa = XCConfigurationList;
			buildConfigurations = (
				DFA7FE8C1699067800F9BC4C /* Debug */,
				DFA7FE8D1699067800F9BC4C /* Release */,
			);
			defaultConfigurationIsVisible = 0;
			defaultConfigurationName = Release;
		};
		DFA7FE8E1699067800F9BC4C /* Build configuration list for PBXNativeTarget "AcroCities" */ = {
			isa = XCConfigurationList;
			buildConfigurations = (
				DFA7FE8F1699067800F9BC4C /* Debug */,
				DFA7FE901699067800F9BC4C /* Release */,
			);
			defaultConfigurationIsVisible = 0;
			defaultConfigurationName = Release;
		};
/* End XCConfigurationList section */
	};
	rootObject = DFA7FE601699067800F9BC4C /* Project object */;
}
